
Microsoft Visual Studio Solution File, Format Version 12.00
# Visual Studio Version 17
VisualStudioVersion = 17.7.34031.279
MinimumVisualStudioVersion = 10.0.40219.1
Project("{9A19103F-16F7-4668-BE54-9A1E7A4F7556}") = "EMPLOYE DATA API", "EMPLOYE  DATA API\EMPLOYE DATA API.csproj", "{5176AD45-5107-4213-B8D1-49564C57E7BD}"
EndProject
Project("{FAE04EC0-301F-11D3-BF4B-00C04F79EFBC}") = "TEST", "TEST\TEST.csproj", "{D92DD108-DE9B-419A-BC05-B3E7B2027AD5}"
EndProject
Global
	GlobalSection(SolutionConfigurationPlatforms) = preSolution
		Debug|Any CPU = Debug|Any CPU
		Release|Any CPU = Release|Any CPU
	EndGlobalSection
	GlobalSection(ProjectConfigurationPlatforms) = postSolution
		{5176AD45-5107-4213-B8D1-49564C57E7BD}.Debug|Any CPU.ActiveCfg = Debug|Any CPU
		{5176AD45-5107-4213-B8D1-49564C57E7BD}.Debug|Any CPU.Build.0 = Debug|Any CPU
		{5176AD45-5107-4213-B8D1-49564C57E7BD}.Release|Any CPU.ActiveCfg = Release|Any CPU
		{5176AD45-5107-4213-B8D1-49564C57E7BD}.Release|Any CPU.Build.0 = Release|Any CPU
		{D92DD108-DE9B-419A-BC05-B3E7B2027AD5}.Debug|Any CPU.ActiveCfg = Debug|Any CPU
		{D92DD108-DE9B-419A-BC05-B3E7B2027AD5}.Debug|Any CPU.Build.0 = Debug|Any CPU
		{D92DD108-DE9B-419A-BC05-B3E7B2027AD5}.Release|Any CPU.ActiveCfg = Release|Any CPU
		{D92DD108-DE9B-419A-BC05-B3E7B2027AD5}.Release|Any CPU.Build.0 = Release|Any CPU
	EndGlobalSection
	GlobalSection(SolutionProperties) = preSolution
		HideSolutionNode = FALSE
	EndGlobalSection
	GlobalSection(ExtensibilityGlobals) = postSolution
		SolutionGuid = {6C367DC3-6014-47B4-B5A3-4CB2DC0F34B1}
	EndGlobalSection
EndGlobal
